
Microsoft Visual Studio Solution File, Format Version 12.00
# Visual Studio 15
VisualStudioVersion = 15.0.26430.13
MinimumVisualStudioVersion = 10.0.40219.1
Project("{2150E333-8FDC-42A3-9474-1A3956D46DE8}") = "app", "app", "{45CF8B84-8A94-4B78-A4DB-0EDE8FECA72C}"
EndProject
Project("{FAE04EC0-301F-11D3-BF4B-00C04F79EFBC}") = "appsrv", "app\appsrv\appsrv.csproj", "{98450F12-FEA3-4574-8C49-9971811138AE}"
EndProject
Project("{2150E333-8FDC-42A3-9474-1A3956D46DE8}") = "core", "core", "{524BA5F5-373D-4A44-BE35-B3841402F2AB}"
EndProject
Project("{2150E333-8FDC-42A3-9474-1A3956D46DE8}") = "model", "model", "{15C07718-A2AC-4FBC-98C4-D74E3A8F3DE2}"
EndProject
Project("{2150E333-8FDC-42A3-9474-1A3956D46DE8}") = "db", "db", "{EC5C903F-B713-4EEB-86E3-693C108D68D0}"
EndProject
Project("{2150E333-8FDC-42A3-9474-1A3956D46DE8}") = "test", "test", "{B6B59EB1-545F-43D3-A2C9-255B7D2A3885}"
EndProject
Project("{2150E333-8FDC-42A3-9474-1A3956D46DE8}") = "contract", "contract", "{1A918C5D-DB60-49E9-A63A-0E2F2B09DA67}"
EndProject
Project("{2150E333-8FDC-42A3-9474-1A3956D46DE8}") = "tool", "tool", "{77AA8CD3-4532-4579-B6E6-3D9644FD007E}"
EndProject
Project("{2150E333-8FDC-42A3-9474-1A3956D46DE8}") = "lib", "lib", "{7AD53F39-372B-47C0-99F9-2BE859E4D6BB}"
EndProject
Project("{00D1A9C2-B5F0-4AF3-8072-F6C62B433612}") = "StockDb", "db\StockDb\StockDb.sqlproj", "{E77D473F-D6EB-41B9-B2B2-E81EDA17F80A}"
EndProject
Project("{FAE04EC0-301F-11D3-BF4B-00C04F79EFBC}") = "StockProvider.Core", "core\StockProvider.Core\StockProvider.Core.csproj", "{37009C94-EF9A-495B-8B8C-EF7630107FB6}"
EndProject
Project("{FAE04EC0-301F-11D3-BF4B-00C04F79EFBC}") = "StockContract", "contract\StockContract\StockContract.csproj", "{D198194F-7B8C-49C2-A0FB-8751E8F8332C}"
EndProject
Project("{2150E333-8FDC-42A3-9474-1A3956D46DE8}") = "provider", "provider", "{EE7ED105-B514-4251-A5C1-63B5494CC292}"
EndProject
Project("{FAE04EC0-301F-11D3-BF4B-00C04F79EFBC}") = "StockProvider.CSV", "provider\StockProvider.CSV\StockProvider.CSV.csproj", "{70B02F5A-3430-46DE-B99D-C5D58FA78B4E}"
EndProject
Global
	GlobalSection(SolutionConfigurationPlatforms) = preSolution
		Debug|Any CPU = Debug|Any CPU
		Release|Any CPU = Release|Any CPU
	EndGlobalSection
	GlobalSection(ProjectConfigurationPlatforms) = postSolution
		{98450F12-FEA3-4574-8C49-9971811138AE}.Debug|Any CPU.ActiveCfg = Debug|Any CPU
		{98450F12-FEA3-4574-8C49-9971811138AE}.Debug|Any CPU.Build.0 = Debug|Any CPU
		{98450F12-FEA3-4574-8C49-9971811138AE}.Release|Any CPU.ActiveCfg = Release|Any CPU
		{98450F12-FEA3-4574-8C49-9971811138AE}.Release|Any CPU.Build.0 = Release|Any CPU
		{E77D473F-D6EB-41B9-B2B2-E81EDA17F80A}.Debug|Any CPU.ActiveCfg = Debug|Any CPU
		{E77D473F-D6EB-41B9-B2B2-E81EDA17F80A}.Debug|Any CPU.Build.0 = Debug|Any CPU
		{E77D473F-D6EB-41B9-B2B2-E81EDA17F80A}.Debug|Any CPU.Deploy.0 = Debug|Any CPU
		{E77D473F-D6EB-41B9-B2B2-E81EDA17F80A}.Release|Any CPU.ActiveCfg = Release|Any CPU
		{E77D473F-D6EB-41B9-B2B2-E81EDA17F80A}.Release|Any CPU.Build.0 = Release|Any CPU
		{E77D473F-D6EB-41B9-B2B2-E81EDA17F80A}.Release|Any CPU.Deploy.0 = Release|Any CPU
		{37009C94-EF9A-495B-8B8C-EF7630107FB6}.Debug|Any CPU.ActiveCfg = Debug|Any CPU
		{37009C94-EF9A-495B-8B8C-EF7630107FB6}.Debug|Any CPU.Build.0 = Debug|Any CPU
		{37009C94-EF9A-495B-8B8C-EF7630107FB6}.Release|Any CPU.ActiveCfg = Release|Any CPU
		{37009C94-EF9A-495B-8B8C-EF7630107FB6}.Release|Any CPU.Build.0 = Release|Any CPU
		{D198194F-7B8C-49C2-A0FB-8751E8F8332C}.Debug|Any CPU.ActiveCfg = Debug|Any CPU
		{D198194F-7B8C-49C2-A0FB-8751E8F8332C}.Debug|Any CPU.Build.0 = Debug|Any CPU
		{D198194F-7B8C-49C2-A0FB-8751E8F8332C}.Release|Any CPU.ActiveCfg = Release|Any CPU
		{D198194F-7B8C-49C2-A0FB-8751E8F8332C}.Release|Any CPU.Build.0 = Release|Any CPU
		{70B02F5A-3430-46DE-B99D-C5D58FA78B4E}.Debug|Any CPU.ActiveCfg = Debug|Any CPU
		{70B02F5A-3430-46DE-B99D-C5D58FA78B4E}.Debug|Any CPU.Build.0 = Debug|Any CPU
		{70B02F5A-3430-46DE-B99D-C5D58FA78B4E}.Release|Any CPU.ActiveCfg = Release|Any CPU
		{70B02F5A-3430-46DE-B99D-C5D58FA78B4E}.Release|Any CPU.Build.0 = Release|Any CPU
	EndGlobalSection
	GlobalSection(SolutionProperties) = preSolution
		HideSolutionNode = FALSE
	EndGlobalSection
	GlobalSection(NestedProjects) = preSolution
		{98450F12-FEA3-4574-8C49-9971811138AE} = {45CF8B84-8A94-4B78-A4DB-0EDE8FECA72C}
		{E77D473F-D6EB-41B9-B2B2-E81EDA17F80A} = {EC5C903F-B713-4EEB-86E3-693C108D68D0}
		{37009C94-EF9A-495B-8B8C-EF7630107FB6} = {524BA5F5-373D-4A44-BE35-B3841402F2AB}
		{D198194F-7B8C-49C2-A0FB-8751E8F8332C} = {1A918C5D-DB60-49E9-A63A-0E2F2B09DA67}
		{70B02F5A-3430-46DE-B99D-C5D58FA78B4E} = {EE7ED105-B514-4251-A5C1-63B5494CC292}
	EndGlobalSection
EndGlobal
