
Microsoft Visual Studio Solution File, Format Version 12.00
# Visual Studio 15
VisualStudioVersion = 15.0.26430.6
MinimumVisualStudioVersion = 10.0.40219.1
Project("{2150E333-8FDC-42A3-9474-1A3956D46DE8}") = "app", "app", "{45CF8B84-8A94-4B78-A4DB-0EDE8FECA72C}"
EndProject
Project("{FAE04EC0-301F-11D3-BF4B-00C04F79EFBC}") = "appsrv", "app\appsrv\appsrv.csproj", "{98450F12-FEA3-4574-8C49-9971811138AE}"
EndProject
Project("{2150E333-8FDC-42A3-9474-1A3956D46DE8}") = "core", "core", "{524BA5F5-373D-4A44-BE35-B3841402F2AB}"
EndProject
Project("{2150E333-8FDC-42A3-9474-1A3956D46DE8}") = "model", "model", "{15C07718-A2AC-4FBC-98C4-D74E3A8F3DE2}"
EndProject
Project("{2150E333-8FDC-42A3-9474-1A3956D46DE8}") = "db", "db", "{EC5C903F-B713-4EEB-86E3-693C108D68D0}"
EndProject
Project("{2150E333-8FDC-42A3-9474-1A3956D46DE8}") = "test", "test", "{B6B59EB1-545F-43D3-A2C9-255B7D2A3885}"
EndProject
Project("{2150E333-8FDC-42A3-9474-1A3956D46DE8}") = "contract", "contract", "{1A918C5D-DB60-49E9-A63A-0E2F2B09DA67}"
EndProject
Project("{2150E333-8FDC-42A3-9474-1A3956D46DE8}") = "tool", "tool", "{77AA8CD3-4532-4579-B6E6-3D9644FD007E}"
EndProject
Project("{2150E333-8FDC-42A3-9474-1A3956D46DE8}") = "lib", "lib", "{7AD53F39-372B-47C0-99F9-2BE859E4D6BB}"
EndProject
Global
	GlobalSection(SolutionConfigurationPlatforms) = preSolution
		Debug|Any CPU = Debug|Any CPU
		Release|Any CPU = Release|Any CPU
	EndGlobalSection
	GlobalSection(ProjectConfigurationPlatforms) = postSolution
		{98450F12-FEA3-4574-8C49-9971811138AE}.Debug|Any CPU.ActiveCfg = Debug|Any CPU
		{98450F12-FEA3-4574-8C49-9971811138AE}.Debug|Any CPU.Build.0 = Debug|Any CPU
		{98450F12-FEA3-4574-8C49-9971811138AE}.Release|Any CPU.ActiveCfg = Release|Any CPU
		{98450F12-FEA3-4574-8C49-9971811138AE}.Release|Any CPU.Build.0 = Release|Any CPU
	EndGlobalSection
	GlobalSection(SolutionProperties) = preSolution
		HideSolutionNode = FALSE
	EndGlobalSection
	GlobalSection(NestedProjects) = preSolution
		{98450F12-FEA3-4574-8C49-9971811138AE} = {45CF8B84-8A94-4B78-A4DB-0EDE8FECA72C}
	EndGlobalSection
EndGlobal
